
Microsoft Visual Studio Solution File, Format Version 12.00
# Visual Studio Version 17
VisualStudioVersion = 17.3.32901.215
MinimumVisualStudioVersion = 10.0.40219.1
Project("{FAE04EC0-301F-11D3-BF4B-00C04F79EFBC}") = "ConsoleApp2", "ConsoleApp2\ConsoleApp2.csproj", "{CFFEEF95-3826-49C0-AE30-0AED25E86BB2}"
EndProject
Global
	GlobalSection(SolutionConfigurationPlatforms) = preSolution
		Debug|Any CPU = Debug|Any CPU
		Release|Any CPU = Release|Any CPU
	EndGlobalSection
	GlobalSection(ProjectConfigurationPlatforms) = postSolution
		{CFFEEF95-3826-49C0-AE30-0AED25E86BB2}.Debug|Any CPU.ActiveCfg = Debug|Any CPU
		{CFFEEF95-3826-49C0-AE30-0AED25E86BB2}.Debug|Any CPU.Build.0 = Debug|Any CPU
		{CFFEEF95-3826-49C0-AE30-0AED25E86BB2}.Release|Any CPU.ActiveCfg = Release|Any CPU
		{CFFEEF95-3826-49C0-AE30-0AED25E86BB2}.Release|Any CPU.Build.0 = Release|Any CPU
	EndGlobalSection
	GlobalSection(SolutionProperties) = preSolution
		HideSolutionNode = FALSE
	EndGlobalSection
	GlobalSection(ExtensibilityGlobals) = postSolution
		SolutionGuid = {F7C9EDF9-95E0-4597-907A-561C645DDE6D}
	EndGlobalSection
EndGlobal
